
Microsoft Visual Studio Solution File, Format Version 12.00
# Visual Studio Version 17
VisualStudioVersion = 17.5.33502.453
MinimumVisualStudioVersion = 10.0.40219.1
Project("{FAE04EC0-301F-11D3-BF4B-00C04F79EFBC}") = "CW2003", "CW2003.csproj", "{A5825D92-DE69-4D70-A0DB-C348E4CB28E6}"
EndProject
Global
	GlobalSection(SolutionConfigurationPlatforms) = preSolution
		Debug|Any CPU = Debug|Any CPU
		Release|Any CPU = Release|Any CPU
	EndGlobalSection
	GlobalSection(ProjectConfigurationPlatforms) = postSolution
		{A5825D92-DE69-4D70-A0DB-C348E4CB28E6}.Debug|Any CPU.ActiveCfg = Debug|Any CPU
		{A5825D92-DE69-4D70-A0DB-C348E4CB28E6}.Debug|Any CPU.Build.0 = Debug|Any CPU
		{A5825D92-DE69-4D70-A0DB-C348E4CB28E6}.Release|Any CPU.ActiveCfg = Release|Any CPU
		{A5825D92-DE69-4D70-A0DB-C348E4CB28E6}.Release|Any CPU.Build.0 = Release|Any CPU
	EndGlobalSection
	GlobalSection(SolutionProperties) = preSolution
		HideSolutionNode = FALSE
	EndGlobalSection
	GlobalSection(ExtensibilityGlobals) = postSolution
		SolutionGuid = {A7141976-A95E-4691-AE96-DE8D73660B17}
	EndGlobalSection
EndGlobal
